
Microsoft Visual Studio Solution File, Format Version 12.00
Project("{FAE04EC0-301F-11D3-BF4B-00C04F79EFBC}") = "MyWhiskyShelf.AppHost", "MyWhiskyShelf.AppHost\MyWhiskyShelf.AppHost.csproj", "{F3C1012E-13FD-4595-999A-9BE21BA7AFE2}"
EndProject
Project("{FAE04EC0-301F-11D3-BF4B-00C04F79EFBC}") = "MyWhiskyShelf.ServiceDefaults", "MyWhiskyShelf.ServiceDefaults\MyWhiskyShelf.ServiceDefaults.csproj", "{CA350DB3-D465-4336-B12C-249DE2EC3E7B}"
EndProject
Project("{FAE04EC0-301F-11D3-BF4B-00C04F79EFBC}") = "MyWhiskyShelf.IntegrationTests", "MyWhiskyShelf.IntegrationTests\MyWhiskyShelf.IntegrationTests.csproj", "{6C1820F2-B28F-4E3A-B40B-F7B5DB0E3EF7}"
EndProject
Project("{FAE04EC0-301F-11D3-BF4B-00C04F79EFBC}") = "MyWhiskyShelf.Infrastructure", "MyWhiskyShelf.Infrastructure\MyWhiskyShelf.Infrastructure.csproj", "{9BA97E8D-9E7D-49B3-B093-60153A7DDF76}"
EndProject
Project("{FAE04EC0-301F-11D3-BF4B-00C04F79EFBC}") = "MyWhiskyShelf.Infrastructure.Tests", "MyWhiskyShelf.Infrastructure.Tests\MyWhiskyShelf.Infrastructure.Tests.csproj", "{844E9777-009D-4C7B-8634-72C2DDFDC4AC}"
EndProject
Project("{FAE04EC0-301F-11D3-BF4B-00C04F79EFBC}") = "MyWhiskyShelf.WebApi", "MyWhiskyShelf.WebApi\MyWhiskyShelf.WebApi.csproj", "{C3E699CB-88F4-429B-8E89-0136BA78329D}"
EndProject
Project("{FAE04EC0-301F-11D3-BF4B-00C04F79EFBC}") = "MyWhiskyShelf.Core", "MyWhiskyShelf.Core\MyWhiskyShelf.Core.csproj", "{BA8E240C-0852-4EDA-B06A-19854F8FB4F1}"
EndProject
Project("{FAE04EC0-301F-11D3-BF4B-00C04F79EFBC}") = "MyWhiskyShelf.WebApi.Tests", "MyWhiskyShelf.WebApi.Tests\MyWhiskyShelf.WebApi.Tests.csproj", "{948DB848-4110-41FB-9C04-59D67739ED9D}"
EndProject
Project("{FAE04EC0-301F-11D3-BF4B-00C04F79EFBC}") = "MyWhiskyShelf.Application", "MyWhiskyShelf.Application\MyWhiskyShelf.Application.csproj", "{7F1C3562-21E3-46DA-9D70-33629008D32A}"
EndProject
Project("{FAE04EC0-301F-11D3-BF4B-00C04F79EFBC}") = "MyWhiskyShelf.Application.Tests", "MyWhiskyShelf.Application.Tests\MyWhiskyShelf.Application.Tests.csproj", "{E026F824-BC5C-4A27-BF82-4A1602CAB75D}"
EndProject
Project("{FAE04EC0-301F-11D3-BF4B-00C04F79EFBC}") = "MyWhiskyShelf.Migrations", "MyWhiskyShelf.Migrations\MyWhiskyShelf.Migrations.csproj", "{0640DFD2-79D0-4CD3-9E6C-B601C9C67E7F}"
EndProject
Global
	GlobalSection(SolutionConfigurationPlatforms) = preSolution
		Debug|Any CPU = Debug|Any CPU
		Release|Any CPU = Release|Any CPU
	EndGlobalSection
	GlobalSection(ProjectConfigurationPlatforms) = postSolution
		{F3C1012E-13FD-4595-999A-9BE21BA7AFE2}.Debug|Any CPU.ActiveCfg = Debug|Any CPU
		{F3C1012E-13FD-4595-999A-9BE21BA7AFE2}.Debug|Any CPU.Build.0 = Debug|Any CPU
		{F3C1012E-13FD-4595-999A-9BE21BA7AFE2}.Release|Any CPU.ActiveCfg = Release|Any CPU
		{F3C1012E-13FD-4595-999A-9BE21BA7AFE2}.Release|Any CPU.Build.0 = Release|Any CPU
		{CA350DB3-D465-4336-B12C-249DE2EC3E7B}.Debug|Any CPU.ActiveCfg = Debug|Any CPU
		{CA350DB3-D465-4336-B12C-249DE2EC3E7B}.Debug|Any CPU.Build.0 = Debug|Any CPU
		{CA350DB3-D465-4336-B12C-249DE2EC3E7B}.Release|Any CPU.ActiveCfg = Release|Any CPU
		{CA350DB3-D465-4336-B12C-249DE2EC3E7B}.Release|Any CPU.Build.0 = Release|Any CPU
		{6C1820F2-B28F-4E3A-B40B-F7B5DB0E3EF7}.Debug|Any CPU.ActiveCfg = Debug|Any CPU
		{6C1820F2-B28F-4E3A-B40B-F7B5DB0E3EF7}.Debug|Any CPU.Build.0 = Debug|Any CPU
		{6C1820F2-B28F-4E3A-B40B-F7B5DB0E3EF7}.Release|Any CPU.ActiveCfg = Release|Any CPU
		{6C1820F2-B28F-4E3A-B40B-F7B5DB0E3EF7}.Release|Any CPU.Build.0 = Release|Any CPU
		{9BA97E8D-9E7D-49B3-B093-60153A7DDF76}.Debug|Any CPU.ActiveCfg = Debug|Any CPU
		{9BA97E8D-9E7D-49B3-B093-60153A7DDF76}.Debug|Any CPU.Build.0 = Debug|Any CPU
		{9BA97E8D-9E7D-49B3-B093-60153A7DDF76}.Release|Any CPU.ActiveCfg = Release|Any CPU
		{9BA97E8D-9E7D-49B3-B093-60153A7DDF76}.Release|Any CPU.Build.0 = Release|Any CPU
		{844E9777-009D-4C7B-8634-72C2DDFDC4AC}.Debug|Any CPU.ActiveCfg = Debug|Any CPU
		{844E9777-009D-4C7B-8634-72C2DDFDC4AC}.Debug|Any CPU.Build.0 = Debug|Any CPU
		{844E9777-009D-4C7B-8634-72C2DDFDC4AC}.Release|Any CPU.ActiveCfg = Release|Any CPU
		{844E9777-009D-4C7B-8634-72C2DDFDC4AC}.Release|Any CPU.Build.0 = Release|Any CPU
		{C3E699CB-88F4-429B-8E89-0136BA78329D}.Debug|Any CPU.ActiveCfg = Debug|Any CPU
		{C3E699CB-88F4-429B-8E89-0136BA78329D}.Debug|Any CPU.Build.0 = Debug|Any CPU
		{C3E699CB-88F4-429B-8E89-0136BA78329D}.Release|Any CPU.ActiveCfg = Release|Any CPU
		{C3E699CB-88F4-429B-8E89-0136BA78329D}.Release|Any CPU.Build.0 = Release|Any CPU
		{BA8E240C-0852-4EDA-B06A-19854F8FB4F1}.Debug|Any CPU.ActiveCfg = Debug|Any CPU
		{BA8E240C-0852-4EDA-B06A-19854F8FB4F1}.Debug|Any CPU.Build.0 = Debug|Any CPU
		{BA8E240C-0852-4EDA-B06A-19854F8FB4F1}.Release|Any CPU.ActiveCfg = Release|Any CPU
		{BA8E240C-0852-4EDA-B06A-19854F8FB4F1}.Release|Any CPU.Build.0 = Release|Any CPU
		{948DB848-4110-41FB-9C04-59D67739ED9D}.Debug|Any CPU.ActiveCfg = Debug|Any CPU
		{948DB848-4110-41FB-9C04-59D67739ED9D}.Debug|Any CPU.Build.0 = Debug|Any CPU
		{948DB848-4110-41FB-9C04-59D67739ED9D}.Release|Any CPU.ActiveCfg = Release|Any CPU
		{948DB848-4110-41FB-9C04-59D67739ED9D}.Release|Any CPU.Build.0 = Release|Any CPU
		{7F1C3562-21E3-46DA-9D70-33629008D32A}.Debug|Any CPU.ActiveCfg = Debug|Any CPU
		{7F1C3562-21E3-46DA-9D70-33629008D32A}.Debug|Any CPU.Build.0 = Debug|Any CPU
		{7F1C3562-21E3-46DA-9D70-33629008D32A}.Release|Any CPU.ActiveCfg = Release|Any CPU
		{7F1C3562-21E3-46DA-9D70-33629008D32A}.Release|Any CPU.Build.0 = Release|Any CPU
		{E026F824-BC5C-4A27-BF82-4A1602CAB75D}.Debug|Any CPU.ActiveCfg = Debug|Any CPU
		{E026F824-BC5C-4A27-BF82-4A1602CAB75D}.Debug|Any CPU.Build.0 = Debug|Any CPU
		{E026F824-BC5C-4A27-BF82-4A1602CAB75D}.Release|Any CPU.ActiveCfg = Release|Any CPU
		{E026F824-BC5C-4A27-BF82-4A1602CAB75D}.Release|Any CPU.Build.0 = Release|Any CPU
		{0640DFD2-79D0-4CD3-9E6C-B601C9C67E7F}.Debug|Any CPU.ActiveCfg = Debug|Any CPU
		{0640DFD2-79D0-4CD3-9E6C-B601C9C67E7F}.Debug|Any CPU.Build.0 = Debug|Any CPU
		{0640DFD2-79D0-4CD3-9E6C-B601C9C67E7F}.Release|Any CPU.ActiveCfg = Release|Any CPU
		{0640DFD2-79D0-4CD3-9E6C-B601C9C67E7F}.Release|Any CPU.Build.0 = Release|Any CPU
	EndGlobalSection
EndGlobal
